PODS:
  - audio_streamer (0.0.1):
    - Flutter
  - Flutter (1.0.0)
  - permission_handler_apple (9.1.1):
    - Flutter

DEPENDENCIES:
  - audio_streamer (from `.symlinks/plugins/audio_streamer/ios`)
  - Flutter (from `Flutter`)
  - permission_handler_apple (from `.symlinks/plugins/permission_handler_apple/ios`)

EXTERNAL SOURCES:
  audio_streamer:
    :path: ".symlinks/plugins/audio_streamer/ios"
  Flutter:
    :path: Flutter
  permission_handler_apple:
    :path: ".symlinks/plugins/permission_handler_apple/ios"

SPEC CHECKSUMS:
  audio_streamer: af49e73eb66f71c4eeabb4bbcb05f122d03a6709
  Flutter: f04841e97a9d0b0a8025694d0796dd46242b2854
  permission_handler_apple: e76247795d700c14ea09e3a2d8855d41ee80a2e6

PODFILE CHECKSUM: 63f9ae3d9a6299eaa5b0748306b9dda410c3663d

COCOAPODS: 1.13.0
